
Microsoft Visual Studio Solution File, Format Version 12.00
# Visual Studio Version 17
VisualStudioVersion = 17.6.33723.286
MinimumVisualStudioVersion = 10.0.40219.1
Project("{00D1A9C2-B5F0-4AF3-8072-F6C62B433612}") = "ChanBlogDB", "ChanBlogDB\ChanBlogDB.sqlproj", "{993F8260-62EB-481E-B99D-8302C53B6847}"
EndProject
Global
	GlobalSection(SolutionConfigurationPlatforms) = preSolution
		Debug|Any CPU = Debug|Any CPU
		Release|Any CPU = Release|Any CPU
	EndGlobalSection
	GlobalSection(ProjectConfigurationPlatforms) = postSolution
		{993F8260-62EB-481E-B99D-8302C53B6847}.Debug|Any CPU.ActiveCfg = Debug|Any CPU
		{993F8260-62EB-481E-B99D-8302C53B6847}.Debug|Any CPU.Build.0 = Debug|Any CPU
		{993F8260-62EB-481E-B99D-8302C53B6847}.Debug|Any CPU.Deploy.0 = Debug|Any CPU
		{993F8260-62EB-481E-B99D-8302C53B6847}.Release|Any CPU.ActiveCfg = Release|Any CPU
		{993F8260-62EB-481E-B99D-8302C53B6847}.Release|Any CPU.Build.0 = Release|Any CPU
		{993F8260-62EB-481E-B99D-8302C53B6847}.Release|Any CPU.Deploy.0 = Release|Any CPU
	EndGlobalSection
	GlobalSection(SolutionProperties) = preSolution
		HideSolutionNode = FALSE
	EndGlobalSection
	GlobalSection(ExtensibilityGlobals) = postSolution
		SolutionGuid = {0BE1B030-5182-4C5B-ACEA-2567DF3F6E02}
	EndGlobalSection
EndGlobal
